// !$*UTF8*$!
{
	archiveVersion = 1;
	classes = {
	};
	objectVersion = 46;
	objects = {

/* Begin PBXBuildFile section */
		01244E991EF247230054E869 /* AppDelegate.swift in Sources */ = {isa = PBXBuildFile; fileRef = 01244E981EF247230054E869 /* AppDelegate.swift */; };
		01244E9E1EF247230054E869 /* Main.storyboard in Resources */ = {isa = PBXBuildFile; fileRef = 01244E9C1EF247230054E869 /* Main.storyboard */; };
		01244EA01EF247230054E869 /* Assets.xcassets in Resources */ = {isa = PBXBuildFile; fileRef = 01244E9F1EF247230054E869 /* Assets.xcassets */; };
		01244EA31EF247230054E869 /* LaunchScreen.storyboard in Resources */ = {isa = PBXBuildFile; fileRef = 01244EA11EF247230054E869 /* LaunchScreen.storyboard */; };
		01244EAC1EF255BD0054E869 /* TweetTableViewController.swift in Sources */ = {isa = PBXBuildFile; fileRef = 01244EAB1EF255BD0054E869 /* TweetTableViewController.swift */; };
		01244EB41EF25A2A0054E869 /* Twitter.framework in Frameworks */ = {isa = PBXBuildFile; fileRef = 01244EB31EF25A2A0054E869 /* Twitter.framework */; };
		01244EB51EF25A2A0054E869 /* Twitter.framework in Embed Frameworks */ = {isa = PBXBuildFile; fileRef = 01244EB31EF25A2A0054E869 /* Twitter.framework */; settings = {ATTRIBUTES = (CodeSignOnCopy, RemoveHeadersOnCopy, ); }; };
		01244EB81EF2DBD20054E869 /* TweetTableViewCell.swift in Sources */ = {isa = PBXBuildFile; fileRef = 01244EB71EF2DBD20054E869 /* TweetTableViewCell.swift */; };
		013EEF781F6AB89D003E0640 /* FetchedResultsTableViewController.swift in Sources */ = {isa = PBXBuildFile; fileRef = 013EEF771F6AB89D003E0640 /* FetchedResultsTableViewController.swift */; };
		013EEF7A1F6AB8AA003E0640 /* UITableViewDataSource+NSFetchedResultsController.swift in Sources */ = {isa = PBXBuildFile; fileRef = 013EEF791F6AB8AA003E0640 /* UITableViewDataSource+NSFetchedResultsController.swift */; };
		013EEF7C1F6AB923003E0640 /* PopularMentionsTableViewController.swift in Sources */ = {isa = PBXBuildFile; fileRef = 013EEF7B1F6AB922003E0640 /* PopularMentionsTableViewController.swift */; };
		015D8E711EFC2B9C0052A37F /* ImageViewController.swift in Sources */ = {isa = PBXBuildFile; fileRef = 015D8E701EFC2B9C0052A37F /* ImageViewController.swift */; };
		017720C01EF97BA900966E18 /* TweetMentionsTableViewController.swift in Sources */ = {isa = PBXBuildFile; fileRef = 017720BF1EF97BA900966E18 /* TweetMentionsTableViewController.swift */; };
		017763E41EF7A8960072275D /* TweetImageMentionTableViewCell.swift in Sources */ = {isa = PBXBuildFile; fileRef = 017763E31EF7A8960072275D /* TweetImageMentionTableViewCell.swift */; };
		01880E8C1F68F63E005A9F8A /* Smash.xcdatamodeld in Sources */ = {isa = PBXBuildFile; fileRef = 01880E8A1F68F63E005A9F8A /* Smash.xcdatamodeld */; };
		01880E8E1F69C93F005A9F8A /* Tweet.swift in Sources */ = {isa = PBXBuildFile; fileRef = 01880E8D1F69C93F005A9F8A /* Tweet.swift */; };
		01880E901F69CA22005A9F8A /* SmashTweetTableViewController.swift in Sources */ = {isa = PBXBuildFile; fileRef = 01880E8F1F69CA22005A9F8A /* SmashTweetTableViewController.swift */; };
		01880E921F69CCC9005A9F8A /* Mention.swift in Sources */ = {isa = PBXBuildFile; fileRef = 01880E911F69CCC9005A9F8A /* Mention.swift */; };
		018A85C21F6A02D000325ADC /* Query.swift in Sources */ = {isa = PBXBuildFile; fileRef = 018A85C11F6A02D000325ADC /* Query.swift */; };
		01A005001F5E787800ACC7A9 /* RecentTermsTableViewController.swift in Sources */ = {isa = PBXBuildFile; fileRef = 01A004FF1F5E787800ACC7A9 /* RecentTermsTableViewController.swift */; };
/* End PBXBuildFile section */

/* Begin PBXCopyFilesBuildPhase section */
		01244EB61EF25A2A0054E869 /* Embed Frameworks */ = {
			isa = PBXCopyFilesBuildPhase;
			buildActionMask = 2147483647;
			dstPath = "";
			dstSubfolderSpec = 10;
			files = (
				01244EB51EF25A2A0054E869 /* Twitter.framework in Embed Frameworks */,
			);
			name = "Embed Frameworks";
			runOnlyForDeploymentPostprocessing = 0;
		};
/* End PBXCopyFilesBuildPhase section */

/* Begin PBXFileReference section */
		01244E951EF247230054E869 /* SmashTag.app */ = {isa = PBXFileReference; explicitFileType = wrapper.application; includeInIndex = 0; path = SmashTag.app; sourceTree = BUILT_PRODUCTS_DIR; };
		01244E981EF247230054E869 /* AppDelegate.swift */ = {isa = PBXFileReference; lastKnownFileType = sourcecode.swift; path = AppDelegate.swift; sourceTree = "<group>"; };
		01244E9D1EF247230054E869 /* Base */ = {isa = PBXFileReference; lastKnownFileType = file.storyboard; name = Base; path = Base.lproj/Main.storyboard; sourceTree = "<group>"; };
		01244E9F1EF247230054E869 /* Assets.xcassets */ = {isa = PBXFileReference; lastKnownFileType = folder.assetcatalog; path = Assets.xcassets; sourceTree = "<group>"; };
		01244EA21EF247230054E869 /* Base */ = {isa = PBXFileReference; lastKnownFileType = file.storyboard; name = Base; path = Base.lproj/LaunchScreen.storyboard; sourceTree = "<group>"; };
		01244EA41EF247230054E869 /* Info.plist */ = {isa = PBXFileReference; lastKnownFileType = text.plist.xml; path = Info.plist; sourceTree = "<group>"; };
		01244EAB1EF255BD0054E869 /* TweetTableViewController.swift */ = {isa = PBXFileReference; fileEncoding = 4; lastKnownFileType = sourcecode.swift; path = TweetTableViewController.swift; sourceTree = "<group>"; };
		01244EB31EF25A2A0054E869 /* Twitter.framework */ = {isa = PBXFileReference; explicitFileType = wrapper.framework; path = Twitter.framework; sourceTree = BUILT_PRODUCTS_DIR; };
		01244EB71EF2DBD20054E869 /* TweetTableViewCell.swift */ = {isa = PBXFileReference; fileEncoding = 4; lastKnownFileType = sourcecode.swift; path = TweetTableViewCell.swift; sourceTree = "<group>"; };
		013EEF771F6AB89D003E0640 /* FetchedResultsTableViewController.swift */ = {isa = PBXFileReference; fileEncoding = 4; lastKnownFileType = sourcecode.swift; name = FetchedResultsTableViewController.swift; path = ../../../Downloads/NSFRCD/FetchedResultsTableViewController.swift; sourceTree = "<group>"; };
		013EEF791F6AB8AA003E0640 /* UITableViewDataSource+NSFetchedResultsController.swift */ = {isa = PBXFileReference; fileEncoding = 4; lastKnownFileType = sourcecode.swift; name = "UITableViewDataSource+NSFetchedResultsController.swift"; path = "../../../Downloads/NSFRCD/UITableViewDataSource+NSFetchedResultsController.swift"; sourceTree = "<group>"; };
		013EEF7B1F6AB922003E0640 /* PopularMentionsTableViewController.swift */ = {isa = PBXFileReference; fileEncoding = 4; lastKnownFileType = sourcecode.swift; path = PopularMentionsTableViewController.swift; sourceTree = "<group>"; };
		015D8E701EFC2B9C0052A37F /* ImageViewController.swift */ = {isa = PBXFileReference; fileEncoding = 4; lastKnownFileType = sourcecode.swift; path = ImageViewController.swift; sourceTree = "<group>"; };
		017720BF1EF97BA900966E18 /* TweetMentionsTableViewController.swift */ = {isa = PBXFileReference; fileEncoding = 4; lastKnownFileType = sourcecode.swift; path = TweetMentionsTableViewController.swift; sourceTree = "<group>"; };
		017763E31EF7A8960072275D /* TweetImageMentionTableViewCell.swift */ = {isa = PBXFileReference; fileEncoding = 4; lastKnownFileType = sourcecode.swift; path = TweetImageMentionTableViewCell.swift; sourceTree = "<group>"; };
		01880E8B1F68F63E005A9F8A /* Smash.xcdatamodel */ = {isa = PBXFileReference; lastKnownFileType = wrapper.xcdatamodel; path = Smash.xcdatamodel; sourceTree = "<group>"; };
		01880E8D1F69C93F005A9F8A /* Tweet.swift */ = {isa = PBXFileReference; fileEncoding = 4; lastKnownFileType = sourcecode.swift; path = Tweet.swift; sourceTree = "<group>"; };
		01880E8F1F69CA22005A9F8A /* SmashTweetTableViewController.swift */ = {isa = PBXFileReference; fileEncoding = 4; lastKnownFileType = sourcecode.swift; path = SmashTweetTableViewController.swift; sourceTree = "<group>"; };
		01880E911F69CCC9005A9F8A /* Mention.swift */ = {isa = PBXFileReference; fileEncoding = 4; lastKnownFileType = sourcecode.swift; path = Mention.swift; sourceTree = "<group>"; };
		018A85C11F6A02D000325ADC /* Query.swift */ = {isa = PBXFileReference; fileEncoding = 4; lastKnownFileType = sourcecode.swift; path = Query.swift; sourceTree = "<group>"; };
		01A004FF1F5E787800ACC7A9 /* RecentTermsTableViewController.swift */ = {isa = PBXFileReference; fileEncoding = 4; lastKnownFileType = sourcecode.swift; path = RecentTermsTableViewController.swift; sourceTree = "<group>"; };
/* End PBXFileReference section */

/* Begin PBXFrameworksBuildPhase section */
		01244E921EF247230054E869 /* Frameworks */ = {
			isa = PBXFrameworksBuildPhase;
			buildActionMask = 2147483647;
			files = (
				01244EB41EF25A2A0054E869 /* Twitter.framework in Frameworks */,
			);
			runOnlyForDeploymentPostprocessing = 0;
		};
/* End PBXFrameworksBuildPhase section */

/* Begin PBXGroup section */
		01244E8C1EF247230054E869 = {
			isa = PBXGroup;
			children = (
				01244EB31EF25A2A0054E869 /* Twitter.framework */,
				01244E971EF247230054E869 /* SmashTag */,
				01244E961EF247230054E869 /* Products */,
			);
			sourceTree = "<group>";
		};
		01244E961EF247230054E869 /* Products */ = {
			isa = PBXGroup;
			children = (
				01244E951EF247230054E869 /* SmashTag.app */,
			);
			name = Products;
			sourceTree = "<group>";
		};
		01244E971EF247230054E869 /* SmashTag */ = {
			isa = PBXGroup;
			children = (
				01880E8A1F68F63E005A9F8A /* Smash.xcdatamodeld */,
				01244E9C1EF247230054E869 /* Main.storyboard */,
				01244EA41EF247230054E869 /* Info.plist */,
				01A004FF1F5E787800ACC7A9 /* RecentTermsTableViewController.swift */,
				01244EAB1EF255BD0054E869 /* TweetTableViewController.swift */,
				01880E8F1F69CA22005A9F8A /* SmashTweetTableViewController.swift */,
				013EEF7B1F6AB922003E0640 /* PopularMentionsTableViewController.swift */,
				013EEF771F6AB89D003E0640 /* FetchedResultsTableViewController.swift */,
				013EEF791F6AB8AA003E0640 /* UITableViewDataSource+NSFetchedResultsController.swift */,
				018A85C11F6A02D000325ADC /* Query.swift */,
				01880E8D1F69C93F005A9F8A /* Tweet.swift */,
				01880E911F69CCC9005A9F8A /* Mention.swift */,
				01244EB71EF2DBD20054E869 /* TweetTableViewCell.swift */,
				017720BF1EF97BA900966E18 /* TweetMentionsTableViewController.swift */,
				017763E31EF7A8960072275D /* TweetImageMentionTableViewCell.swift */,
				015D8E701EFC2B9C0052A37F /* ImageViewController.swift */,
				01244EAA1EF247800054E869 /* Supporting Files */,
			);
			path = SmashTag;
			sourceTree = "<group>";
		};
		01244EAA1EF247800054E869 /* Supporting Files */ = {
			isa = PBXGroup;
			children = (
				01244E981EF247230054E869 /* AppDelegate.swift */,
				01244E9F1EF247230054E869 /* Assets.xcassets */,
				01244EA11EF247230054E869 /* LaunchScreen.storyboard */,
			);
			name = "Supporting Files";
			sourceTree = "<group>";
		};
/* End PBXGroup section */

/* Begin PBXNativeTarget section */
		01244E941EF247230054E869 /* SmashTag */ = {
			isa = PBXNativeTarget;
			buildConfigurationList = 01244EA71EF247230054E869 /* Build configuration list for PBXNativeTarget "SmashTag" */;
			buildPhases = (
				01244E911EF247230054E869 /* Sources */,
				01244E921EF247230054E869 /* Frameworks */,
				01244E931EF247230054E869 /* Resources */,
				01244EB61EF25A2A0054E869 /* Embed Frameworks */,
			);
			buildRules = (
			);
			dependencies = (
			);
			name = SmashTag;
			productName = SmashTag;
			productReference = 01244E951EF247230054E869 /* SmashTag.app */;
			productType = "com.apple.product-type.application";
		};
/* End PBXNativeTarget section */

/* Begin PBXProject section */
		01244E8D1EF247230054E869 /* Project object */ = {
			isa = PBXProject;
			attributes = {
				LastSwiftUpdateCheck = 0830;
				LastUpgradeCheck = 0830;
				ORGANIZATIONNAME = "Maize Man";
				TargetAttributes = {
					01244E941EF247230054E869 = {
						CreatedOnToolsVersion = 8.3.1;
						DevelopmentTeam = 6792ZCF9R8;
						ProvisioningStyle = Automatic;
					};
				};
			};
			buildConfigurationList = 01244E901EF247230054E869 /* Build configuration list for PBXProject "SmashTag" */;
			compatibilityVersion = "Xcode 3.2";
			developmentRegion = English;
			hasScannedForEncodings = 0;
			knownRegions = (
				en,
				Base,
			);
			mainGroup = 01244E8C1EF247230054E869;
			productRefGroup = 01244E961EF247230054E869 /* Products */;
			projectDirPath = "";
			projectRoot = "";
			targets = (
				01244E941EF247230054E869 /* SmashTag */,
			);
		};
/* End PBXProject section */

/* Begin PBXResourcesBuildPhase section */
		01244E931EF247230054E869 /* Resources */ = {
			isa = PBXResourcesBuildPhase;
			buildActionMask = 2147483647;
			files = (
				01244EA31EF247230054E869 /* LaunchScreen.storyboard in Resources */,
				01244EA01EF247230054E869 /* Assets.xcassets in Resources */,
				01244E9E1EF247230054E869 /* Main.storyboard in Resources */,
			);
			runOnlyForDeploymentPostprocessing = 0;
		};
/* End PBXResourcesBuildPhase section */

/* Begin PBXSourcesBuildPhase section */
		01244E911EF247230054E869 /* Sources */ = {
			isa = PBXSourcesBuildPhase;
			buildActionMask = 2147483647;
			files = (
				01244E991EF247230054E869 /* AppDelegate.swift in Sources */,
				01244EAC1EF255BD0054E869 /* TweetTableViewController.swift in Sources */,
				01880E901F69CA22005A9F8A /* SmashTweetTableViewController.swift in Sources */,
				017720C01EF97BA900966E18 /* TweetMentionsTableViewController.swift in Sources */,
				018A85C21F6A02D000325ADC /* Query.swift in Sources */,
				01880E8E1F69C93F005A9F8A /* Tweet.swift in Sources */,
				01A005001F5E787800ACC7A9 /* RecentTermsTableViewController.swift in Sources */,
				017763E41EF7A8960072275D /* TweetImageMentionTableViewCell.swift in Sources */,
				013EEF781F6AB89D003E0640 /* FetchedResultsTableViewController.swift in Sources */,
				01880E921F69CCC9005A9F8A /* Mention.swift in Sources */,
				013EEF7C1F6AB923003E0640 /* PopularMentionsTableViewController.swift in Sources */,
				013EEF7A1F6AB8AA003E0640 /* UITableViewDataSource+NSFetchedResultsController.swift in Sources */,
				015D8E711EFC2B9C0052A37F /* ImageViewController.swift in Sources */,
				01880E8C1F68F63E005A9F8A /* Smash.xcdatamodeld in Sources */,
				01244EB81EF2DBD20054E869 /* TweetTableViewCell.swift in Sources */,
			);
			runOnlyForDeploymentPostprocessing = 0;
		};
/* End PBXSourcesBuildPhase section */

/* Begin PBXVariantGroup section */
		01244E9C1EF247230054E869 /* Main.storyboard */ = {
			isa = PBXVariantGroup;
			children = (
				01244E9D1EF247230054E869 /* Base */,
			);
			name = Main.storyboard;
			sourceTree = "<group>";
		};
		01244EA11EF247230054E869 /* LaunchScreen.storyboard */ = {
			isa = PBXVariantGroup;
			children = (
				01244EA21EF247230054E869 /* Base */,
			);
			name = LaunchScreen.storyboard;
			sourceTree = "<group>";
		};
/* End PBXVariantGroup section */

/* Begin XCBuildConfiguration section */
		01244EA51EF247230054E869 /* Debug */ = {
			isa = XCBuildConfiguration;
			buildSettings = {
				ALWAYS_SEARCH_USER_PATHS = NO;
				CLANG_ANALYZER_NONNULL = YES;
				CLANG_ANALYZER_NUMBER_OBJECT_CONVERSION = YES_AGGRESSIVE;
				CLANG_CXX_LANGUAGE_STANDARD = "gnu++0x";
				CLANG_CXX_LIBRARY = "libc++";
				CLANG_ENABLE_MODULES = YES;
				CLANG_ENABLE_OBJC_ARC = YES;
				CLANG_WARN_BOOL_CONVERSION = YES;
				CLANG_WARN_CONSTANT_CONVERSION = YES;
				CLANG_WARN_DIRECT_OBJC_ISA_USAGE = YES_ERROR;
				CLANG_WARN_DOCUMENTATION_COMMENTS = YES;
				CLANG_WARN_EMPTY_BODY = YES;
				CLANG_WARN_ENUM_CONVERSION = YES;
				CLANG_WARN_INFINITE_RECURSION = YES;
				CLANG_WARN_INT_CONVERSION = YES;
				CLANG_WARN_OBJC_ROOT_CLASS = YES_ERROR;
				CLANG_WARN_SUSPICIOUS_MOVE = YES;
				CLANG_WARN_UNREACHABLE_CODE = YES;
				CLANG_WARN__DUPLICATE_METHOD_MATCH = YES;
				"CODE_SIGN_IDENTITY[sdk=iphoneos*]" = "iPhone Developer";
				COPY_PHASE_STRIP = NO;
				DEBUG_INFORMATION_FORMAT = dwarf;
				ENABLE_STRICT_OBJC_MSGSEND = YES;
				ENABLE_TESTABILITY = YES;
				GCC_C_LANGUAGE_STANDARD = gnu99;
				GCC_DYNAMIC_NO_PIC = NO;
				GCC_NO_COMMON_BLOCKS = YES;
				GCC_OPTIMIZATION_LEVEL = 0;
				GCC_PREPROCESSOR_DEFINITIONS = (
					"DEBUG=1",
					"$(inherited)",
				);
				GCC_WARN_64_TO_32_BIT_CONVERSION = YES;
				GCC_WARN_ABOUT_RETURN_TYPE = YES_ERROR;
				GCC_WARN_UNDECLARED_SELECTOR = YES;
				GCC_WARN_UNINITIALIZED_AUTOS = YES_AGGRESSIVE;
				GCC_WARN_UNUSED_FUNCTION = YES;
				GCC_WARN_UNUSED_VARIABLE = YES;
				IPHONEOS_DEPLOYMENT_TARGET = 10.3;
				MTL_ENABLE_DEBUG_INFO = YES;
				ONLY_ACTIVE_ARCH = YES;
				SDKROOT = iphoneos;
				SWIFT_ACTIVE_COMPILATION_CONDITIONS = DEBUG;
				SWIFT_OPTIMIZATION_LEVEL = "-Onone";
				TARGETED_DEVICE_FAMILY = "1,2";
			};
			name = Debug;
		};
		01244EA61EF247230054E869 /* Release */ = {
			isa = XCBuildConfiguration;
			buildSettings = {
				ALWAYS_SEARCH_USER_PATHS = NO;
				CLANG_ANALYZER_NONNULL = YES;
				CLANG_ANALYZER_NUMBER_OBJECT_CONVERSION = YES_AGGRESSIVE;
				CLANG_CXX_LANGUAGE_STANDARD = "gnu++0x";
				CLANG_CXX_LIBRARY = "libc++";
				CLANG_ENABLE_MODULES = YES;
				CLANG_ENABLE_OBJC_ARC = YES;
				CLANG_WARN_BOOL_CONVERSION = YES;
				CLANG_WARN_CONSTANT_CONVERSION = YES;
				CLANG_WARN_DIRECT_OBJC_ISA_USAGE = YES_ERROR;
				CLANG_WARN_DOCUMENTATION_COMMENTS = YES;
				CLANG_WARN_EMPTY_BODY = YES;
				CLANG_WARN_ENUM_CONVERSION = YES;
				CLANG_WARN_INFINITE_RECURSION = YES;
				CLANG_WARN_INT_CONVERSION = YES;
				CLANG_WARN_OBJC_ROOT_CLASS = YES_ERROR;
				CLANG_WARN_SUSPICIOUS_MOVE = YES;
				CLANG_WARN_UNREACHABLE_CODE = YES;
				CLANG_WARN__DUPLICATE_METHOD_MATCH = YES;
				"CODE_SIGN_IDENTITY[sdk=iphoneos*]" = "iPhone Developer";
				COPY_PHASE_STRIP = NO;
				DEBUG_INFORMATION_FORMAT = "dwarf-with-dsym";
				ENABLE_NS_ASSERTIONS = NO;
				ENABLE_STRICT_OBJC_MSGSEND = YES;
				GCC_C_LANGUAGE_STANDARD = gnu99;
				GCC_NO_COMMON_BLOCKS = YES;
				GCC_WARN_64_TO_32_BIT_CONVERSION = YES;
				GCC_WARN_ABOUT_RETURN_TYPE = YES_ERROR;
				GCC_WARN_UNDECLARED_SELECTOR = YES;
				GCC_WARN_UNINITIALIZED_AUTOS = YES_AGGRESSIVE;
				GCC_WARN_UNUSED_FUNCTION = YES;
				GCC_WARN_UNUSED_VARIABLE = YES;
				IPHONEOS_DEPLOYMENT_TARGET = 10.3;
				MTL_ENABLE_DEBUG_INFO = NO;
				SDKROOT = iphoneos;
				SWIFT_OPTIMIZATION_LEVEL = "-Owholemodule";
				TARGETED_DEVICE_FAMILY = "1,2";
				VALIDATE_PRODUCT = YES;
			};
			name = Release;
		};
		01244EA81EF247230054E869 /* Debug */ = {
			isa = XCBuildConfiguration;
			buildSettings = {
				ASSETCATALOG_COMPILER_APPICON_NAME = AppIcon;
				DEVELOPMENT_TEAM = 6792ZCF9R8;
				INFOPLIST_FILE = SmashTag/Info.plist;
				LD_RUNPATH_SEARCH_PATHS = "$(inherited) @executable_path/Frameworks";
				PRODUCT_BUNDLE_IDENTIFIER = edu.stanford.alumni.gmaize.SmashTag;
				PRODUCT_NAME = "$(TARGET_NAME)";
				SWIFT_VERSION = 3.0;
				TARGETED_DEVICE_FAMILY = 1;
			};
			name = Debug;
		};
		01244EA91EF247230054E869 /* Release */ = {
			isa = XCBuildConfiguration;
			buildSettings = {
				ASSETCATALOG_COMPILER_APPICON_NAME = AppIcon;
				DEVELOPMENT_TEAM = 6792ZCF9R8;
				INFOPLIST_FILE = SmashTag/Info.plist;
				LD_RUNPATH_SEARCH_PATHS = "$(inherited) @executable_path/Frameworks";
				PRODUCT_BUNDLE_IDENTIFIER = edu.stanford.alumni.gmaize.SmashTag;
				PRODUCT_NAME = "$(TARGET_NAME)";
				SWIFT_VERSION = 3.0;
				TARGETED_DEVICE_FAMILY = 1;
			};
			name = Release;
		};
/* End XCBuildConfiguration section */

/* Begin XCConfigurationList section */
		01244E901EF247230054E869 /* Build configuration list for PBXProject "SmashTag" */ = {
			isa = XCConfigurationList;
			buildConfigurations = (
				01244EA51EF247230054E869 /* Debug */,
				01244EA61EF247230054E869 /* Release */,
			);
			defaultConfigurationIsVisible = 0;
			defaultConfigurationName = Release;
		};
		01244EA71EF247230054E869 /* Build configuration list for PBXNativeTarget "SmashTag" */ = {
			isa = XCConfigurationList;
			buildConfigurations = (
				01244EA81EF247230054E869 /* Debug */,
				01244EA91EF247230054E869 /* Release */,
			);
			defaultConfigurationIsVisible = 0;
			defaultConfigurationName = Release;
		};
/* End XCConfigurationList section */

/* Begin XCVersionGroup section */
		01880E8A1F68F63E005A9F8A /* Smash.xcdatamodeld */ = {
			isa = XCVersionGroup;
			children = (
				01880E8B1F68F63E005A9F8A /* Smash.xcdatamodel */,
			);
			currentVersion = 01880E8B1F68F63E005A9F8A /* Smash.xcdatamodel */;
			path = Smash.xcdatamodeld;
			sourceTree = "<group>";
			versionGroupType = wrapper.xcdatamodel;
		};
/* End XCVersionGroup section */
	};
	rootObject = 01244E8D1EF247230054E869 /* Project object */;
}
